// !$*UTF8*$!
{
	archiveVersion = 1;
	classes = {
	};
	objectVersion = 46;
	objects = {

/* Begin PBXBuildFile section */
		AD5B00AC1C4B21CB007B574F /* main.m in Sources */ = {isa = PBXBuildFile; fileRef = AD5B00AB1C4B21CB007B574F /* main.m */; };
		AD5B00AF1C4B21CB007B574F /* AppDelegate.m in Sources */ = {isa = PBXBuildFile; fileRef = AD5B00AE1C4B21CB007B574F /* AppDelegate.m */; };
		AD5B00B51C4B21CB007B574F /* Main.storyboard in Resources */ = {isa = PBXBuildFile; fileRef = AD5B00B31C4B21CB007B574F /* Main.storyboard */; };
		AD5B00B81C4B21CB007B574F /* AddressBookApp.xcdatamodeld in Sources */ = {isa = PBXBuildFile; fileRef = AD5B00B61C4B21CB007B574F /* AddressBookApp.xcdatamodeld */; };
		AD5B00BA1C4B21CB007B574F /* Assets.xcassets in Resources */ = {isa = PBXBuildFile; fileRef = AD5B00B91C4B21CB007B574F /* Assets.xcassets */; };
		AD5B00BD1C4B21CB007B574F /* LaunchScreen.storyboard in Resources */ = {isa = PBXBuildFile; fileRef = AD5B00BB1C4B21CB007B574F /* LaunchScreen.storyboard */; };
		AD5B00C61C4B222D007B574F /* ContactListViewController.m in Sources */ = {isa = PBXBuildFile; fileRef = AD5B00C51C4B222D007B574F /* ContactListViewController.m */; };
		AD5B00C91C4B2758007B574F /* Contacts.m in Sources */ = {isa = PBXBuildFile; fileRef = AD5B00C81C4B2758007B574F /* Contacts.m */; };
		AD5B00D51C4B317C007B574F /* navbar_bg.png in Resources */ = {isa = PBXBuildFile; fileRef = AD5B00CB1C4B317C007B574F /* navbar_bg.png */; };
		AD5B00D61C4B317C007B574F /* cell_middle@2x.png in Resources */ = {isa = PBXBuildFile; fileRef = AD5B00CC1C4B317C007B574F /* cell_middle@2x.png */; };
		AD5B00D71C4B317C007B574F /* button_normal.png in Resources */ = {isa = PBXBuildFile; fileRef = AD5B00CD1C4B317C007B574F /* button_normal.png */; };
		AD5B00D81C4B317C007B574F /* cell_top_tile.png in Resources */ = {isa = PBXBuildFile; fileRef = AD5B00CE1C4B317C007B574F /* cell_top_tile.png */; };
		AD5B00D91C4B317C007B574F /* navbar_bg@2x.png in Resources */ = {isa = PBXBuildFile; fileRef = AD5B00CF1C4B317C007B574F /* navbar_bg@2x.png */; };
		AD5B00DA1C4B317C007B574F /* cell_bottom.png in Resources */ = {isa = PBXBuildFile; fileRef = AD5B00D01C4B317C007B574F /* cell_bottom.png */; };
		AD5B00DB1C4B317C007B574F /* cell_top.png in Resources */ = {isa = PBXBuildFile; fileRef = AD5B00D11C4B317C007B574F /* cell_top.png */; };
		AD5B00DC1C4B317C007B574F /* cell_bottom@2x.png in Resources */ = {isa = PBXBuildFile; fileRef = AD5B00D21C4B317C007B574F /* cell_bottom@2x.png */; };
		AD5B00DD1C4B317C007B574F /* cell_top@2x.png in Resources */ = {isa = PBXBuildFile; fileRef = AD5B00D31C4B317C007B574F /* cell_top@2x.png */; };
		AD5B00DE1C4B317C007B574F /* common_bg.png in Resources */ = {isa = PBXBuildFile; fileRef = AD5B00D41C4B317C007B574F /* common_bg.png */; };
		AD5B00E51C4B37EE007B574F /* DetailViewController.m in Sources */ = {isa = PBXBuildFile; fileRef = AD5B00E41C4B37EE007B574F /* DetailViewController.m */; };
		AD5B00EC1C4C2403007B574F /* ContactDisplayCell.m in Sources */ = {isa = PBXBuildFile; fileRef = AD5B00EB1C4C2403007B574F /* ContactDisplayCell.m */; };
		AD5B00EE1C4C39C6007B574F /* button_back.png in Resources */ = {isa = PBXBuildFile; fileRef = AD5B00ED1C4C39C6007B574F /* button_back.png */; };
		AD5B00F11C4C7FDE007B574F /* Sms.jpg in Resources */ = {isa = PBXBuildFile; fileRef = AD5B00EF1C4C7FDE007B574F /* Sms.jpg */; };
		AD5B00F21C4C7FDE007B574F /* Call.jpg in Resources */ = {isa = PBXBuildFile; fileRef = AD5B00F01C4C7FDE007B574F /* Call.jpg */; };
		AD5B00F41C4C896F007B574F /* Email.jpg in Resources */ = {isa = PBXBuildFile; fileRef = AD5B00F31C4C896F007B574F /* Email.jpg */; };
		AD5B00F61C4C8C7B007B574F /* MessageUI.framework in Frameworks */ = {isa = PBXBuildFile; fileRef = AD5B00F51C4C8C7B007B574F /* MessageUI.framework */; };
/* End PBXBuildFile section */

/* Begin PBXFileReference section */
		AD5B00A71C4B21CB007B574F /* AddressBookApp.app */ = {isa = PBXFileReference; explicitFileType = wrapper.application; includeInIndex = 0; path = AddressBookApp.app; sourceTree = BUILT_PRODUCTS_DIR; };
		AD5B00AB1C4B21CB007B574F /* main.m */ = {isa = PBXFileReference; lastKnownFileType = sourcecode.c.objc; path = main.m; sourceTree = "<group>"; };
		AD5B00AD1C4B21CB007B574F /* AppDelegate.h */ = {isa = PBXFileReference; lastKnownFileType = sourcecode.c.h; path = AppDelegate.h; sourceTree = "<group>"; };
		AD5B00AE1C4B21CB007B574F /* AppDelegate.m */ = {isa = PBXFileReference; lastKnownFileType = sourcecode.c.objc; path = AppDelegate.m; sourceTree = "<group>"; };
		AD5B00B41C4B21CB007B574F /* Base */ = {isa = PBXFileReference; lastKnownFileType = file.storyboard; name = Base; path = Base.lproj/Main.storyboard; sourceTree = "<group>"; };
		AD5B00B71C4B21CB007B574F /* AddressBookApp.xcdatamodel */ = {isa = PBXFileReference; lastKnownFileType = wrapper.xcdatamodel; path = AddressBookApp.xcdatamodel; sourceTree = "<group>"; };
		AD5B00B91C4B21CB007B574F /* Assets.xcassets */ = {isa = PBXFileReference; lastKnownFileType = folder.assetcatalog; path = Assets.xcassets; sourceTree = "<group>"; };
		AD5B00BC1C4B21CB007B574F /* Base */ = {isa = PBXFileReference; lastKnownFileType = file.storyboard; name = Base; path = Base.lproj/LaunchScreen.storyboard; sourceTree = "<group>"; };
		AD5B00BE1C4B21CB007B574F /* Info.plist */ = {isa = PBXFileReference; lastKnownFileType = text.plist.xml; path = Info.plist; sourceTree = "<group>"; };
		AD5B00C41C4B222D007B574F /* ContactListViewController.h */ = {isa = PBXFileReference; fileEncoding = 4; lastKnownFileType = sourcecode.c.h; path = ContactListViewController.h; sourceTree = "<group>"; };
		AD5B00C51C4B222D007B574F /* ContactListViewController.m */ = {isa = PBXFileReference; fileEncoding = 4; lastKnownFileType = sourcecode.c.objc; path = ContactListViewController.m; sourceTree = "<group>"; };
		AD5B00C71C4B2758007B574F /* Contacts.h */ = {isa = PBXFileReference; fileEncoding = 4; lastKnownFileType = sourcecode.c.h; path = Contacts.h; sourceTree = "<group>"; };
		AD5B00C81C4B2758007B574F /* Contacts.m */ = {isa = PBXFileReference; fileEncoding = 4; lastKnownFileType = sourcecode.c.objc; path = Contacts.m; sourceTree = "<group>"; };
		AD5B00CB1C4B317C007B574F /* navbar_bg.png */ = {isa = PBXFileReference; lastKnownFileType = image.png; path = navbar_bg.png; sourceTree = "<group>"; };
		AD5B00CC1C4B317C007B574F /* cell_middle@2x.png */ = {isa = PBXFileReference; lastKnownFileType = image.png; path = "cell_middle@2x.png"; sourceTree = "<group>"; };
		AD5B00CD1C4B317C007B574F /* button_normal.png */ = {isa = PBXFileReference; lastKnownFileType = image.png; path = button_normal.png; sourceTree = "<group>"; };
		AD5B00CE1C4B317C007B574F /* cell_top_tile.png */ = {isa = PBXFileReference; lastKnownFileType = image.png; path = cell_top_tile.png; sourceTree = "<group>"; };
		AD5B00CF1C4B317C007B574F /* navbar_bg@2x.png */ = {isa = PBXFileReference; lastKnownFileType = image.png; path = "navbar_bg@2x.png"; sourceTree = "<group>"; };
		AD5B00D01C4B317C007B574F /* cell_bottom.png */ = {isa = PBXFileReference; lastKnownFileType = image.png; path = cell_bottom.png; sourceTree = "<group>"; };
		AD5B00D11C4B317C007B574F /* cell_top.png */ = {isa = PBXFileReference; lastKnownFileType = image.png; path = cell_top.png; sourceTree = "<group>"; };
		AD5B00D21C4B317C007B574F /* cell_bottom@2x.png */ = {isa = PBXFileReference; lastKnownFileType = image.png; path = "cell_bottom@2x.png"; sourceTree = "<group>"; };
		AD5B00D31C4B317C007B574F /* cell_top@2x.png */ = {isa = PBXFileReference; lastKnownFileType = image.png; path = "cell_top@2x.png"; sourceTree = "<group>"; };
		AD5B00D41C4B317C007B574F /* common_bg.png */ = {isa = PBXFileReference; lastKnownFileType = image.png; path = common_bg.png; sourceTree = "<group>"; };
		AD5B00E31C4B37EE007B574F /* DetailViewController.h */ = {isa = PBXFileReference; fileEncoding = 4; lastKnownFileType = sourcecode.c.h; path = DetailViewController.h; sourceTree = "<group>"; };
		AD5B00E41C4B37EE007B574F /* DetailViewController.m */ = {isa = PBXFileReference; fileEncoding = 4; lastKnownFileType = sourcecode.c.objc; path = DetailViewController.m; sourceTree = "<group>"; };
		AD5B00EA1C4C2403007B574F /* ContactDisplayCell.h */ = {isa = PBXFileReference; fileEncoding = 4; lastKnownFileType = sourcecode.c.h; path = ContactDisplayCell.h; sourceTree = "<group>"; };
		AD5B00EB1C4C2403007B574F /* ContactDisplayCell.m */ = {isa = PBXFileReference; fileEncoding = 4; lastKnownFileType = sourcecode.c.objc; path = ContactDisplayCell.m; sourceTree = "<group>"; };
		AD5B00ED1C4C39C6007B574F /* button_back.png */ = {isa = PBXFileReference; lastKnownFileType = image.png; path = button_back.png; sourceTree = "<group>"; };
		AD5B00EF1C4C7FDE007B574F /* Sms.jpg */ = {isa = PBXFileReference; lastKnownFileType = image.jpeg; path = Sms.jpg; sourceTree = "<group>"; };
		AD5B00F01C4C7FDE007B574F /* Call.jpg */ = {isa = PBXFileReference; lastKnownFileType = image.jpeg; path = Call.jpg; sourceTree = "<group>"; };
		AD5B00F31C4C896F007B574F /* Email.jpg */ = {isa = PBXFileReference; lastKnownFileType = image.jpeg; path = Email.jpg; sourceTree = "<group>"; };
		AD5B00F51C4C8C7B007B574F /* MessageUI.framework */ = {isa = PBXFileReference; lastKnownFileType = wrapper.framework; name = MessageUI.framework; path = System/Library/Frameworks/MessageUI.framework; sourceTree = SDKROOT; };
/* End PBXFileReference section */

/* Begin PBXFrameworksBuildPhase section */
		AD5B00A41C4B21CB007B574F /* Frameworks */ = {
			isa = PBXFrameworksBuildPhase;
			buildActionMask = 2147483647;
			files = (
				AD5B00F61C4C8C7B007B574F /* MessageUI.framework in Frameworks */,
			);
			runOnlyForDeploymentPostprocessing = 0;
		};
/* End PBXFrameworksBuildPhase section */

/* Begin PBXGroup section */
		AD5B009E1C4B21CB007B574F = {
			isa = PBXGroup;
			children = (
				AD5B00A91C4B21CB007B574F /* AddressBookApp */,
				AD5B00A81C4B21CB007B574F /* Products */,
			);
			sourceTree = "<group>";
		};
		AD5B00A81C4B21CB007B574F /* Products */ = {
			isa = PBXGroup;
			children = (
				AD5B00A71C4B21CB007B574F /* AddressBookApp.app */,
			);
			name = Products;
			sourceTree = "<group>";
		};
		AD5B00A91C4B21CB007B574F /* AddressBookApp */ = {
			isa = PBXGroup;
			children = (
				AD5B00AD1C4B21CB007B574F /* AppDelegate.h */,
				AD5B00AE1C4B21CB007B574F /* AppDelegate.m */,
				AD5B00E61C4B3ADE007B574F /* ContactList */,
				AD5B00E71C4B3B02007B574F /* DetailView */,
				AD5B00B31C4B21CB007B574F /* Main.storyboard */,
				AD5B00CA1C4B313A007B574F /* Images */,
				AD5B00B91C4B21CB007B574F /* Assets.xcassets */,
				AD5B00BB1C4B21CB007B574F /* LaunchScreen.storyboard */,
				AD5B00BE1C4B21CB007B574F /* Info.plist */,
				AD5B00B61C4B21CB007B574F /* AddressBookApp.xcdatamodeld */,
				AD5B011A1C4FC120007B574F /* Framework */,
				AD5B00AA1C4B21CB007B574F /* Supporting Files */,
			);
			path = AddressBookApp;
			sourceTree = "<group>";
		};
		AD5B00AA1C4B21CB007B574F /* Supporting Files */ = {
			isa = PBXGroup;
			children = (
				AD5B00AB1C4B21CB007B574F /* main.m */,
			);
			name = "Supporting Files";
			sourceTree = "<group>";
		};
		AD5B00CA1C4B313A007B574F /* Images */ = {
			isa = PBXGroup;
			children = (
				AD5B00EF1C4C7FDE007B574F /* Sms.jpg */,
				AD5B00F31C4C896F007B574F /* Email.jpg */,
				AD5B00F01C4C7FDE007B574F /* Call.jpg */,
				AD5B00ED1C4C39C6007B574F /* button_back.png */,
				AD5B00CB1C4B317C007B574F /* navbar_bg.png */,
				AD5B00CC1C4B317C007B574F /* cell_middle@2x.png */,
				AD5B00CD1C4B317C007B574F /* button_normal.png */,
				AD5B00CE1C4B317C007B574F /* cell_top_tile.png */,
				AD5B00CF1C4B317C007B574F /* navbar_bg@2x.png */,
				AD5B00D01C4B317C007B574F /* cell_bottom.png */,
				AD5B00D11C4B317C007B574F /* cell_top.png */,
				AD5B00D21C4B317C007B574F /* cell_bottom@2x.png */,
				AD5B00D31C4B317C007B574F /* cell_top@2x.png */,
				AD5B00D41C4B317C007B574F /* common_bg.png */,
			);
			name = Images;
			sourceTree = "<group>";
		};
		AD5B00E61C4B3ADE007B574F /* ContactList */ = {
			isa = PBXGroup;
			children = (
				AD5B00C71C4B2758007B574F /* Contacts.h */,
				AD5B00C81C4B2758007B574F /* Contacts.m */,
				AD5B00C41C4B222D007B574F /* ContactListViewController.h */,
				AD5B00C51C4B222D007B574F /* ContactListViewController.m */,
				AD5B00EA1C4C2403007B574F /* ContactDisplayCell.h */,
				AD5B00EB1C4C2403007B574F /* ContactDisplayCell.m */,
			);
			name = ContactList;
			sourceTree = "<group>";
		};
		AD5B00E71C4B3B02007B574F /* DetailView */ = {
			isa = PBXGroup;
			children = (
				AD5B00E31C4B37EE007B574F /* DetailViewController.h */,
				AD5B00E41C4B37EE007B574F /* DetailViewController.m */,
			);
			name = DetailView;
			sourceTree = "<group>";
		};
		AD5B011A1C4FC120007B574F /* Framework */ = {
			isa = PBXGroup;
			children = (
				AD5B00F51C4C8C7B007B574F /* MessageUI.framework */,
			);
			name = Framework;
			path = ..;
			sourceTree = "<group>";
		};
/* End PBXGroup section */

/* Begin PBXNativeTarget section */
		AD5B00A61C4B21CB007B574F /* AddressBookApp */ = {
			isa = PBXNativeTarget;
			buildConfigurationList = AD5B00C11C4B21CB007B574F /* Build configuration list for PBXNativeTarget "AddressBookApp" */;
			buildPhases = (
				AD5B00A31C4B21CB007B574F /* Sources */,
				AD5B00A41C4B21CB007B574F /* Frameworks */,
				AD5B00A51C4B21CB007B574F /* Resources */,
			);
			buildRules = (
			);
			dependencies = (
			);
			name = AddressBookApp;
			productName = AddressBookApp;
			productReference = AD5B00A71C4B21CB007B574F /* AddressBookApp.app */;
			productType = "com.apple.product-type.application";
		};
/* End PBXNativeTarget section */

/* Begin PBXProject section */
		AD5B009F1C4B21CB007B574F /* Project object */ = {
			isa = PBXProject;
			attributes = {
				LastUpgradeCheck = 0720;
				ORGANIZATIONNAME = Kinectic_Cafe;
				TargetAttributes = {
					AD5B00A61C4B21CB007B574F = {
						CreatedOnToolsVersion = 7.2;
					};
				};
			};
			buildConfigurationList = AD5B00A21C4B21CB007B574F /* Build configuration list for PBXProject "AddressBookApp" */;
			compatibilityVersion = "Xcode 3.2";
			developmentRegion = English;
			hasScannedForEncodings = 0;
			knownRegions = (
				en,
				Base,
			);
			mainGroup = AD5B009E1C4B21CB007B574F;
			productRefGroup = AD5B00A81C4B21CB007B574F /* Products */;
			projectDirPath = "";
			projectRoot = "";
			targets = (
				AD5B00A61C4B21CB007B574F /* AddressBookApp */,
			);
		};
/* End PBXProject section */

/* Begin PBXResourcesBuildPhase section */
		AD5B00A51C4B21CB007B574F /* Resources */ = {
			isa = PBXResourcesBuildPhase;
			buildActionMask = 2147483647;
			files = (
				AD5B00F41C4C896F007B574F /* Email.jpg in Resources */,
				AD5B00D71C4B317C007B574F /* button_normal.png in Resources */,
				AD5B00BD1C4B21CB007B574F /* LaunchScreen.storyboard in Resources */,
				AD5B00DD1C4B317C007B574F /* cell_top@2x.png in Resources */,
				AD5B00F21C4C7FDE007B574F /* Call.jpg in Resources */,
				AD5B00D61C4B317C007B574F /* cell_middle@2x.png in Resources */,
				AD5B00BA1C4B21CB007B574F /* Assets.xcassets in Resources */,
				AD5B00D81C4B317C007B574F /* cell_top_tile.png in Resources */,
				AD5B00F11C4C7FDE007B574F /* Sms.jpg in Resources */,
				AD5B00D51C4B317C007B574F /* navbar_bg.png in Resources */,
				AD5B00DA1C4B317C007B574F /* cell_bottom.png in Resources */,
				AD5B00B51C4B21CB007B574F /* Main.storyboard in Resources */,
				AD5B00DE1C4B317C007B574F /* common_bg.png in Resources */,
				AD5B00D91C4B317C007B574F /* navbar_bg@2x.png in Resources */,
				AD5B00DB1C4B317C007B574F /* cell_top.png in Resources */,
				AD5B00EE1C4C39C6007B574F /* button_back.png in Resources */,
				AD5B00DC1C4B317C007B574F /* cell_bottom@2x.png in Resources */,
			);
			runOnlyForDeploymentPostprocessing = 0;
		};
/* End PBXResourcesBuildPhase section */

/* Begin PBXSourcesBuildPhase section */
		AD5B00A31C4B21CB007B574F /* Sources */ = {
			isa = PBXSourcesBuildPhase;
			buildActionMask = 2147483647;
			files = (
				AD5B00EC1C4C2403007B574F /* ContactDisplayCell.m in Sources */,
				AD5B00C61C4B222D007B574F /* ContactListViewController.m in Sources */,
				AD5B00C91C4B2758007B574F /* Contacts.m in Sources */,
				AD5B00B81C4B21CB007B574F /* AddressBookApp.xcdatamodeld in Sources */,
				AD5B00AF1C4B21CB007B574F /* AppDelegate.m in Sources */,
				AD5B00AC1C4B21CB007B574F /* main.m in Sources */,
				AD5B00E51C4B37EE007B574F /* DetailViewController.m in Sources */,
			);
			runOnlyForDeploymentPostprocessing = 0;
		};
/* End PBXSourcesBuildPhase section */

/* Begin PBXVariantGroup section */
		AD5B00B31C4B21CB007B574F /* Main.storyboard */ = {
			isa = PBXVariantGroup;
			children = (
				AD5B00B41C4B21CB007B574F /* Base */,
			);
			name = Main.storyboard;
			sourceTree = "<group>";
		};
		AD5B00BB1C4B21CB007B574F /* LaunchScreen.storyboard */ = {
			isa = PBXVariantGroup;
			children = (
				AD5B00BC1C4B21CB007B574F /* Base */,
			);
			name = LaunchScreen.storyboard;
			sourceTree = "<group>";
		};
/* End PBXVariantGroup section */

/* Begin XCBuildConfiguration section */
		AD5B00BF1C4B21CB007B574F /* Debug */ = {
			isa = XCBuildConfiguration;
			buildSettings = {
				ALWAYS_SEARCH_USER_PATHS = NO;
				CLANG_CXX_LANGUAGE_STANDARD = "gnu++0x";
				CLANG_CXX_LIBRARY = "libc++";
				CLANG_ENABLE_MODULES = YES;
				CLANG_ENABLE_OBJC_ARC = YES;
				CLANG_WARN_BOOL_CONVERSION = YES;
				CLANG_WARN_CONSTANT_CONVERSION = YES;
				CLANG_WARN_DIRECT_OBJC_ISA_USAGE = YES_ERROR;
				CLANG_WARN_EMPTY_BODY = YES;
				CLANG_WARN_ENUM_CONVERSION = YES;
				CLANG_WARN_INT_CONVERSION = YES;
				CLANG_WARN_OBJC_ROOT_CLASS = YES_ERROR;
				CLANG_WARN_UNREACHABLE_CODE = YES;
				CLANG_WARN__DUPLICATE_METHOD_MATCH = YES;
				"CODE_SIGN_IDENTITY[sdk=iphoneos*]" = "iPhone Developer";
				COPY_PHASE_STRIP = NO;
				DEBUG_INFORMATION_FORMAT = dwarf;
				ENABLE_STRICT_OBJC_MSGSEND = YES;
				ENABLE_TESTABILITY = YES;
				GCC_C_LANGUAGE_STANDARD = gnu99;
				GCC_DYNAMIC_NO_PIC = NO;
				GCC_NO_COMMON_BLOCKS = YES;
				GCC_OPTIMIZATION_LEVEL = 0;
				GCC_PREPROCESSOR_DEFINITIONS = (
					"DEBUG=1",
					"$(inherited)",
				);
				GCC_WARN_64_TO_32_BIT_CONVERSION = YES;
				GCC_WARN_ABOUT_RETURN_TYPE = YES_ERROR;
				GCC_WARN_UNDECLARED_SELECTOR = YES;
				GCC_WARN_UNINITIALIZED_AUTOS = YES_AGGRESSIVE;
				GCC_WARN_UNUSED_FUNCTION = YES;
				GCC_WARN_UNUSED_VARIABLE = YES;
				IPHONEOS_DEPLOYMENT_TARGET = 9.2;
				MTL_ENABLE_DEBUG_INFO = YES;
				ONLY_ACTIVE_ARCH = YES;
				SDKROOT = iphoneos;
			};
			name = Debug;
		};
		AD5B00C01C4B21CB007B574F /* Release */ = {
			isa = XCBuildConfiguration;
			buildSettings = {
				ALWAYS_SEARCH_USER_PATHS = NO;
				CLANG_CXX_LANGUAGE_STANDARD = "gnu++0x";
				CLANG_CXX_LIBRARY = "libc++";
				CLANG_ENABLE_MODULES = YES;
				CLANG_ENABLE_OBJC_ARC = YES;
				CLANG_WARN_BOOL_CONVERSION = YES;
				CLANG_WARN_CONSTANT_CONVERSION = YES;
				CLANG_WARN_DIRECT_OBJC_ISA_USAGE = YES_ERROR;
				CLANG_WARN_EMPTY_BODY = YES;
				CLANG_WARN_ENUM_CONVERSION = YES;
				CLANG_WARN_INT_CONVERSION = YES;
				CLANG_WARN_OBJC_ROOT_CLASS = YES_ERROR;
				CLANG_WARN_UNREACHABLE_CODE = YES;
				CLANG_WARN__DUPLICATE_METHOD_MATCH = YES;
				"CODE_SIGN_IDENTITY[sdk=iphoneos*]" = "iPhone Developer";
				COPY_PHASE_STRIP = NO;
				DEBUG_INFORMATION_FORMAT = "dwarf-with-dsym";
				ENABLE_NS_ASSERTIONS = NO;
				ENABLE_STRICT_OBJC_MSGSEND = YES;
				GCC_C_LANGUAGE_STANDARD = gnu99;
				GCC_NO_COMMON_BLOCKS = YES;
				GCC_WARN_64_TO_32_BIT_CONVERSION = YES;
				GCC_WARN_ABOUT_RETURN_TYPE = YES_ERROR;
				GCC_WARN_UNDECLARED_SELECTOR = YES;
				GCC_WARN_UNINITIALIZED_AUTOS = YES_AGGRESSIVE;
				GCC_WARN_UNUSED_FUNCTION = YES;
				GCC_WARN_UNUSED_VARIABLE = YES;
				IPHONEOS_DEPLOYMENT_TARGET = 9.2;
				MTL_ENABLE_DEBUG_INFO = NO;
				SDKROOT = iphoneos;
				VALIDATE_PRODUCT = YES;
			};
			name = Release;
		};
		AD5B00C21C4B21CB007B574F /* Debug */ = {
			isa = XCBuildConfiguration;
			buildSettings = {
				ASSETCATALOG_COMPILER_APPICON_NAME = AppIcon;
				INFOPLIST_FILE = AddressBookApp/Info.plist;
				LD_RUNPATH_SEARCH_PATHS = "$(inherited) @executable_path/Frameworks";
				PRODUCT_BUNDLE_IDENTIFIER = Anushree.AddressBookApp;
				PRODUCT_NAME = "$(TARGET_NAME)";
			};
			name = Debug;
		};
		AD5B00C31C4B21CB007B574F /* Release */ = {
			isa = XCBuildConfiguration;
			buildSettings = {
				ASSETCATALOG_COMPILER_APPICON_NAME = AppIcon;
				INFOPLIST_FILE = AddressBookApp/Info.plist;
				LD_RUNPATH_SEARCH_PATHS = "$(inherited) @executable_path/Frameworks";
				PRODUCT_BUNDLE_IDENTIFIER = Anushree.AddressBookApp;
				PRODUCT_NAME = "$(TARGET_NAME)";
			};
			name = Release;
		};
/* End XCBuildConfiguration section */

/* Begin XCConfigurationList section */
		AD5B00A21C4B21CB007B574F /* Build configuration list for PBXProject "AddressBookApp" */ = {
			isa = XCConfigurationList;
			buildConfigurations = (
				AD5B00BF1C4B21CB007B574F /* Debug */,
				AD5B00C01C4B21CB007B574F /* Release */,
			);
			defaultConfigurationIsVisible = 0;
			defaultConfigurationName = Release;
		};
		AD5B00C11C4B21CB007B574F /* Build configuration list for PBXNativeTarget "AddressBookApp" */ = {
			isa = XCConfigurationList;
			buildConfigurations = (
				AD5B00C21C4B21CB007B574F /* Debug */,
				AD5B00C31C4B21CB007B574F /* Release */,
			);
			defaultConfigurationIsVisible = 0;
			defaultConfigurationName = Release;
		};
/* End XCConfigurationList section */

/* Begin XCVersionGroup section */
		AD5B00B61C4B21CB007B574F /* AddressBookApp.xcdatamodeld */ = {
			isa = XCVersionGroup;
			children = (
				AD5B00B71C4B21CB007B574F /* AddressBookApp.xcdatamodel */,
			);
			currentVersion = AD5B00B71C4B21CB007B574F /* AddressBookApp.xcdatamodel */;
			path = AddressBookApp.xcdatamodeld;
			sourceTree = "<group>";
			versionGroupType = wrapper.xcdatamodel;
		};
/* End XCVersionGroup section */
	};
	rootObject = AD5B009F1C4B21CB007B574F /* Project object */;
}
